
Microsoft Visual Studio Solution File, Format Version 12.00
# Visual Studio 14
VisualStudioVersion = 14.0.25420.1
MinimumVisualStudioVersion = 10.0.40219.1
Project("{2150E333-8FDC-42A3-9474-1A3956D46DE8}") = "Hosts", "Hosts", "{022D6846-2C08-45B4-84CF-5E45A3C26E84}"
EndProject
Project("{2150E333-8FDC-42A3-9474-1A3956D46DE8}") = "Core", "Core", "{BFDA3AFC-AEB6-48DC-B95B-920F91753E31}"
EndProject
Project("{FAE04EC0-301F-11D3-BF4B-00C04F79EFBC}") = "SelfHost", "SelfHost\SelfHost.csproj", "{65BB6098-277C-4BF1-B072-1C1692C80C29}"
EndProject
Project("{FAE04EC0-301F-11D3-BF4B-00C04F79EFBC}") = "API", "API\API.csproj", "{A9C70536-5F30-43F9-B10F-4DC156987A2C}"
EndProject
Project("{FAE04EC0-301F-11D3-BF4B-00C04F79EFBC}") = "Domain", "Domain\Domain.csproj", "{66EA0804-B462-44E1-993B-FB128B828532}"
EndProject
Project("{CC5FD16D-436D-48AD-A40C-5A424C6E3E79}") = "CloudService", "CloudService\CloudService.ccproj", "{3D0C7A68-C956-46E1-8184-F9ED4680EBB0}"
EndProject
Project("{FAE04EC0-301F-11D3-BF4B-00C04F79EFBC}") = "APIRole", "APIRole\APIRole.csproj", "{314D4BC3-879F-4212-B346-42B92E2D7C07}"
EndProject
Global
	GlobalSection(SolutionConfigurationPlatforms) = preSolution
		Debug|Any CPU = Debug|Any CPU
		Release|Any CPU = Release|Any CPU
	EndGlobalSection
	GlobalSection(ProjectConfigurationPlatforms) = postSolution
		{65BB6098-277C-4BF1-B072-1C1692C80C29}.Debug|Any CPU.ActiveCfg = Debug|Any CPU
		{65BB6098-277C-4BF1-B072-1C1692C80C29}.Debug|Any CPU.Build.0 = Debug|Any CPU
		{65BB6098-277C-4BF1-B072-1C1692C80C29}.Release|Any CPU.ActiveCfg = Release|Any CPU
		{65BB6098-277C-4BF1-B072-1C1692C80C29}.Release|Any CPU.Build.0 = Release|Any CPU
		{A9C70536-5F30-43F9-B10F-4DC156987A2C}.Debug|Any CPU.ActiveCfg = Debug|Any CPU
		{A9C70536-5F30-43F9-B10F-4DC156987A2C}.Debug|Any CPU.Build.0 = Debug|Any CPU
		{A9C70536-5F30-43F9-B10F-4DC156987A2C}.Release|Any CPU.ActiveCfg = Release|Any CPU
		{A9C70536-5F30-43F9-B10F-4DC156987A2C}.Release|Any CPU.Build.0 = Release|Any CPU
		{66EA0804-B462-44E1-993B-FB128B828532}.Debug|Any CPU.ActiveCfg = Debug|Any CPU
		{66EA0804-B462-44E1-993B-FB128B828532}.Debug|Any CPU.Build.0 = Debug|Any CPU
		{66EA0804-B462-44E1-993B-FB128B828532}.Release|Any CPU.ActiveCfg = Release|Any CPU
		{66EA0804-B462-44E1-993B-FB128B828532}.Release|Any CPU.Build.0 = Release|Any CPU
		{3D0C7A68-C956-46E1-8184-F9ED4680EBB0}.Debug|Any CPU.ActiveCfg = Debug|Any CPU
		{3D0C7A68-C956-46E1-8184-F9ED4680EBB0}.Debug|Any CPU.Build.0 = Debug|Any CPU
		{3D0C7A68-C956-46E1-8184-F9ED4680EBB0}.Release|Any CPU.ActiveCfg = Release|Any CPU
		{3D0C7A68-C956-46E1-8184-F9ED4680EBB0}.Release|Any CPU.Build.0 = Release|Any CPU
		{314D4BC3-879F-4212-B346-42B92E2D7C07}.Debug|Any CPU.ActiveCfg = Debug|Any CPU
		{314D4BC3-879F-4212-B346-42B92E2D7C07}.Debug|Any CPU.Build.0 = Debug|Any CPU
		{314D4BC3-879F-4212-B346-42B92E2D7C07}.Release|Any CPU.ActiveCfg = Release|Any CPU
		{314D4BC3-879F-4212-B346-42B92E2D7C07}.Release|Any CPU.Build.0 = Release|Any CPU
	EndGlobalSection
	GlobalSection(SolutionProperties) = preSolution
		HideSolutionNode = FALSE
	EndGlobalSection
	GlobalSection(NestedProjects) = preSolution
		{65BB6098-277C-4BF1-B072-1C1692C80C29} = {022D6846-2C08-45B4-84CF-5E45A3C26E84}
		{A9C70536-5F30-43F9-B10F-4DC156987A2C} = {BFDA3AFC-AEB6-48DC-B95B-920F91753E31}
		{66EA0804-B462-44E1-993B-FB128B828532} = {BFDA3AFC-AEB6-48DC-B95B-920F91753E31}
		{3D0C7A68-C956-46E1-8184-F9ED4680EBB0} = {022D6846-2C08-45B4-84CF-5E45A3C26E84}
		{314D4BC3-879F-4212-B346-42B92E2D7C07} = {022D6846-2C08-45B4-84CF-5E45A3C26E84}
	EndGlobalSection
EndGlobal
